
Microsoft Visual Studio Solution File, Format Version 12.00
# Visual Studio Version 16
VisualStudioVersion = 16.0.29215.179
MinimumVisualStudioVersion = 10.0.40219.1
Project("{FAE04EC0-301F-11D3-BF4B-00C04F79EFBC}") = "RecordStoreProject", "RecordStoreProject\RecordStoreProject.csproj", "{19B6BC22-0CCA-4913-BA68-5AE95A9655AC}"
EndProject
Global
	GlobalSection(SolutionConfigurationPlatforms) = preSolution
		Debug|Any CPU = Debug|Any CPU
		Release|Any CPU = Release|Any CPU
	EndGlobalSection
	GlobalSection(ProjectConfigurationPlatforms) = postSolution
		{19B6BC22-0CCA-4913-BA68-5AE95A9655AC}.Debug|Any CPU.ActiveCfg = Debug|Any CPU
		{19B6BC22-0CCA-4913-BA68-5AE95A9655AC}.Debug|Any CPU.Build.0 = Debug|Any CPU
		{19B6BC22-0CCA-4913-BA68-5AE95A9655AC}.Release|Any CPU.ActiveCfg = Release|Any CPU
		{19B6BC22-0CCA-4913-BA68-5AE95A9655AC}.Release|Any CPU.Build.0 = Release|Any CPU
	EndGlobalSection
	GlobalSection(SolutionProperties) = preSolution
		HideSolutionNode = FALSE
	EndGlobalSection
	GlobalSection(ExtensibilityGlobals) = postSolution
		SolutionGuid = {BA70CF19-F9C0-4D3C-B5CB-A89EF42C5996}
	EndGlobalSection
EndGlobal
